<?xml version="1.0" encoding="utf-8"?>
<Project ToolsVersion="4.0" xmlns="http://schemas.microsoft.com/developer/msbuild/2003">
  <ItemGroup>
    <ClCompile Include="src\ServerMain.cpp" />
    <ClCompile Include="src\RelayIMServer.cpp" />
    <ClCompile Include="src\ServerNetworkInterface.cpp" />
    <ClCompile Include="src\ChatRoom.cpp" />
    <ClCompile Include="src\PeerClient.cpp" />
  </ItemGroup>
  <ItemGroup>
    <ClInclude Include="include\RelayIMServer.h" />
    <ClInclude Include="include\ChatClient.h" />
    <ClInclude Include="include\ChatRoom.h" />
    <ClInclude Include="include\ServerNetworkInterface.h" />
    <ClInclude Include="include\PeerClient.h" />
    <ClInclude Include="include\IServerPacketHandler.h" />
    <ClInclude Include="include\ServerAbstractPacketHandler.h" />
  </ItemGroup>
</Project>