<?xml version="1.0" encoding="utf-8"?>
<Project ToolsVersion="4.0" xmlns="http://schemas.microsoft.com/developer/msbuild/2003">
  <ItemGroup>
    <Filter Include="Source Files">
      <UniqueIdentifier>{4FC737F1-C7A5-4376-A066-2A32D752A2FF}</UniqueIdentifier>
      <Extensions>qml;cpp;c;cc;cxx;def;odl;idl;hpj;bat;asm;asmx</Extensions>
    </Filter>
    <Filter Include="Header Files">
      <UniqueIdentifier>{93995380-89BD-4b04-88EB-625FBE52EBFB}</UniqueIdentifier>
      <Extensions>h;hh;hpp;hxx;hm;inl;inc;xsd</Extensions>
    </Filter>
    <Filter Include="Resource Files">
      <UniqueIdentifier>{67DA6AB6-F800-4c08-8B7A-83BB121AAD01}</UniqueIdentifier>
      <Extensions>qrc;rc;ico;cur;bmp;dlg;rc2;rct;bin;rgs;gif;jpg;jpeg;jpe;resx;tiff;tif;png;wav;mfcribbon-ms</Extensions>
    </Filter>
    <Filter Include="Form Files">
      <UniqueIdentifier>{99349809-55BA-4b9d-BF79-8FDBB0286EB3}</UniqueIdentifier>
      <Extensions>ui</Extensions>
    </Filter>
    <Filter Include="Translation Files">
      <UniqueIdentifier>{639EADAA-A684-42e4-A9AD-28FC9BCB8F7C}</UniqueIdentifier>
      <Extensions>ts</Extensions>
    </Filter>
  </ItemGroup>
  <ItemGroup>
    <ClCompile Include="main.cpp">
      <Filter>Source Files</Filter>
    </ClCompile>
    <ClCompile Include="components\QChatRoom\QChatRoom.cpp">
      <Filter>Source Files</Filter>
    </ClCompile>
    <ClCompile Include="components\QChatInput\QChatInput.cpp">
      <Filter>Source Files</Filter>
    </ClCompile>
    <ClCompile Include="components\QMessage\QMessage.cpp">
      <Filter>Source Files</Filter>
    </ClCompile>
    <ClCompile Include="widgets\QChatWidget\QChatWidget.cpp">
      <Filter>Source Files</Filter>
    </ClCompile>
    <ClCompile Include="windows\RelayClient\RelayClient.cpp">
      <Filter>Source Files</Filter>
    </ClCompile>
    <ClCompile Include="models\QModelManager\QModelManager.cpp">
      <Filter>Source Files</Filter>
    </ClCompile>
    <ClCompile Include="models\QChatRoomsModel\QChatRoomsModel.cpp">
      <Filter>Source Files</Filter>
    </ClCompile>
    <ClCompile Include="models\QChatRoomMessagesModel\QChatRoomMessagesModel.cpp">
      <Filter>Source Files</Filter>
    </ClCompile>
    <ClCompile Include="widgets\QConnectionStatus\QConnectionStatus.cpp">
      <Filter>Source Files</Filter>
    </ClCompile>
    <ClCompile Include="windows\QRegisterDialog\QRegisterDialog.cpp">
      <Filter>Source Files</Filter>
    </ClCompile>
    <ClCompile Include="windows\ChatRoomsDialog\QChatRoomsDialog.cpp">
      <Filter>Source Files</Filter>
    </ClCompile>
    <ClCompile Include="widgets\QChatView\QChatView.cpp">
      <Filter>Source Files</Filter>
    </ClCompile>
    <ClCompile Include="models\QChatModel\QChatModel.cpp">
      <Filter>Source Files</Filter>
    </ClCompile>
  </ItemGroup>
  <ItemGroup>
    <QtMoc Include="components\QChatInput\QChatInput.h">
      <Filter>Header Files</Filter>
    </QtMoc>
    <QtMoc Include="components\QMessage\QMessage.h">
      <Filter>Header Files</Filter>
    </QtMoc>
    <QtMoc Include="windows\RelayClient\RelayClient.h">
      <Filter>Header Files</Filter>
    </QtMoc>
    <QtMoc Include="components\QChatRoom\QChatRoom.h">
      <Filter>Header Files</Filter>
    </QtMoc>
    <QtMoc Include="models\QModelManager\QModelManager.h">
      <Filter>Header Files</Filter>
    </QtMoc>
    <QtMoc Include="models\QChatRoomsModel\QChatRoomsModel.h">
      <Filter>Header Files</Filter>
    </QtMoc>
    <QtMoc Include="models\QChatRoomMessagesModel\QChatRoomMessagesModel.h">
      <Filter>Header Files</Filter>
    </QtMoc>
    <QtMoc Include="widgets\QChatWidget\QChatWidget.h">
      <Filter>Header Files</Filter>
    </QtMoc>
    <QtMoc Include="widgets\QConnectionStatus\QConnectionStatus.h">
      <Filter>Header Files</Filter>
    </QtMoc>
    <QtMoc Include="windows\QRegisterDialog\QRegisterDialog.h">
      <Filter>Header Files</Filter>
    </QtMoc>
    <QtMoc Include="windows\ChatRoomsDialog\QChatRoomsDialog.h">
      <Filter>Header Files</Filter>
    </QtMoc>
    <QtMoc Include="widgets\QChatView\QChatView.h">
      <Filter>Header Files</Filter>
    </QtMoc>
    <QtMoc Include="models\QChatModel\QChatModel.h">
      <Filter>Header Files</Filter>
    </QtMoc>
  </ItemGroup>
  <ItemGroup>
    <QtUic Include="windows\RelayClient\RelayClient.ui">
      <Filter>Form Files</Filter>
    </QtUic>
    <QtUic Include="widgets\QChatWidget\QChatWidget.ui">
      <Filter>Form Files</Filter>
    </QtUic>
    <QtUic Include="components\QMessage\QMessage.ui">
      <Filter>Form Files</Filter>
    </QtUic>
    <QtUic Include="components\QChatInput\QChatInput.ui">
      <Filter>Form Files</Filter>
    </QtUic>
    <QtUic Include="components\QChatRoom\QChatRoom.ui">
      <Filter>Form Files</Filter>
    </QtUic>
    <QtUic Include="widgets\QConnectionStatus\QConnectionStatus.ui">
      <Filter>Form Files</Filter>
    </QtUic>
    <QtUic Include="windows\ChatRoomsDialog\QChatRoomsDialog.ui">
      <Filter>Form Files</Filter>
    </QtUic>
    <QtUic Include="widgets\QChatView\QChatView.ui">
      <Filter>Form Files</Filter>
    </QtUic>
  </ItemGroup>
  <ItemGroup>
    <QtRcc Include="windows\RelayClient\RelayClient.qrc">
      <Filter>Resource Files</Filter>
    </QtRcc>
  </ItemGroup>
  <ItemGroup>
    <None Include="styles.qss" />
  </ItemGroup>
</Project>